name: Refresh security lockfile

on:
  push:
    branches: [security/hardening-audit]

permissions:
  contents: write

jobs:
  refresh-lock:
    runs-on: ubuntu-latest
    steps:
      - uses: actions/checkout@v4
        with:
          ref: security/hardening-audit
      - uses: actions/setup-node@v4
        with:
          node-version: 22
          cache: npm
      - run: npm install --package-lock-only --ignore-scripts
      - name: Commit refreshed lockfile
        run: |
          if git diff --quiet -- package-lock.json; then
            exit 0
          fi
          git config user.name "github-actions[bot]"
          git config user.email "41898282+github-actions[bot]@users.noreply.github.com"
          git add -- package-lock.json
          git commit -m "chore: refresh lockfile for security override"
          git push origin HEAD:security/hardening-audit
